{
  "name": "ydbay",
  "lockfileVersion": 2,
  "requires": true,
  "packages": {
    "": {
      "dependencies": {
        "nodem": "^0.20.2"
      }
    },
    "node_modules/nodem": {
      "version": "0.20.2",
      "resolved": "https://registry.npmjs.org/nodem/-/nodem-0.20.2.tgz",
      "integrity": "sha512-/nPmc6epH3M9OKRXUUrcnPZoHlkGKCa3STn8hINGJdAsArXTiFb2SWUDQB4M+mn6ZYe1cMoxdv3pvHD/gIP74Q==",
      "hasInstallScript": true,
      "os": [
        "linux"
      ],
      "engines": {
        "node": ">=0.12.0"
      }
    }
  },
  "dependencies": {
    "nodem": {
      "version": "0.20.2",
      "resolved": "https://registry.npmjs.org/nodem/-/nodem-0.20.2.tgz",
      "integrity": "sha512-/nPmc6epH3M9OKRXUUrcnPZoHlkGKCa3STn8hINGJdAsArXTiFb2SWUDQB4M+mn6ZYe1cMoxdv3pvHD/gIP74Q=="
    }
  }
}
